// !$*UTF8*$!
{
	archiveVersion = 1;
	classes = {
	};
	objectVersion = 50;
	objects = {

/* Begin PBXBuildFile section */
		95A40E6E2113813100948847 /* PicRecognition.xcdatamodeld in Sources */ = {isa = PBXBuildFile; fileRef = 95A40E6C2113813100948847 /* PicRecognition.xcdatamodeld */; };
		95A40E7021156CCA00948847 /* HistoryViewController.swift in Sources */ = {isa = PBXBuildFile; fileRef = 95A40E6F21156CCA00948847 /* HistoryViewController.swift */; };
		95A40E7221156DDE00948847 /* HistoryCell.swift in Sources */ = {isa = PBXBuildFile; fileRef = 95A40E7121156DDE00948847 /* HistoryCell.swift */; };
		95A40E7621156F3700948847 /* HistoryRecord.swift in Sources */ = {isa = PBXBuildFile; fileRef = 95A40E7521156F3700948847 /* HistoryRecord.swift */; };
		95E99E6120D53DBC00F03AC9 /* Assets.xcassets in Resources */ = {isa = PBXBuildFile; fileRef = 95E99E6020D53DBC00F03AC9 /* Assets.xcassets */; };
		95E99E6420D53DBC00F03AC9 /* LaunchScreen.storyboard in Resources */ = {isa = PBXBuildFile; fileRef = 95E99E6220D53DBC00F03AC9 /* LaunchScreen.storyboard */; };
		95E99E6C20D53E2600F03AC9 /* ImageToPixelBufferConverter.swift in Sources */ = {isa = PBXBuildFile; fileRef = 95E99E6B20D53E2500F03AC9 /* ImageToPixelBufferConverter.swift */; };
		95E99E6E20D53E3000F03AC9 /* MobileNet.mlmodel in Sources */ = {isa = PBXBuildFile; fileRef = 95E99E6D20D53E3000F03AC9 /* MobileNet.mlmodel */; };
		95E99E7120D53E5C00F03AC9 /* MainViewController.swift in Sources */ = {isa = PBXBuildFile; fileRef = 95E99E6F20D53E5B00F03AC9 /* MainViewController.swift */; };
		95E99E7220D53E5C00F03AC9 /* AppDelegate.swift in Sources */ = {isa = PBXBuildFile; fileRef = 95E99E7020D53E5C00F03AC9 /* AppDelegate.swift */; };
		95E99E7520D53E6600F03AC9 /* Main.storyboard in Resources */ = {isa = PBXBuildFile; fileRef = 95E99E7320D53E6600F03AC9 /* Main.storyboard */; };
		95E99E7820D54A3300F03AC9 /* Info.plist in Resources */ = {isa = PBXBuildFile; fileRef = 95E99E7720D54A3300F03AC9 /* Info.plist */; };
/* End PBXBuildFile section */

/* Begin PBXFileReference section */
		95A40E6D2113813100948847 /* Temp.xcdatamodel */ = {isa = PBXFileReference; lastKnownFileType = wrapper.xcdatamodel; path = Temp.xcdatamodel; sourceTree = "<group>"; };
		95A40E6F21156CCA00948847 /* HistoryViewController.swift */ = {isa = PBXFileReference; lastKnownFileType = sourcecode.swift; path = HistoryViewController.swift; sourceTree = "<group>"; };
		95A40E7121156DDE00948847 /* HistoryCell.swift */ = {isa = PBXFileReference; lastKnownFileType = sourcecode.swift; path = HistoryCell.swift; sourceTree = "<group>"; };
		95A40E7521156F3700948847 /* HistoryRecord.swift */ = {isa = PBXFileReference; lastKnownFileType = sourcecode.swift; path = HistoryRecord.swift; sourceTree = "<group>"; };
		95E99E5620D53DB900F03AC9 /* PicRecognition.app */ = {isa = PBXFileReference; explicitFileType = wrapper.application; includeInIndex = 0; path = PicRecognition.app; sourceTree = BUILT_PRODUCTS_DIR; };
		95E99E6020D53DBC00F03AC9 /* Assets.xcassets */ = {isa = PBXFileReference; lastKnownFileType = folder.assetcatalog; path = Assets.xcassets; sourceTree = "<group>"; };
		95E99E6320D53DBC00F03AC9 /* Base */ = {isa = PBXFileReference; lastKnownFileType = file.storyboard; name = Base; path = Base.lproj/LaunchScreen.storyboard; sourceTree = "<group>"; };
		95E99E6B20D53E2500F03AC9 /* ImageToPixelBufferConverter.swift */ = {isa = PBXFileReference; fileEncoding = 4; lastKnownFileType = sourcecode.swift; path = ImageToPixelBufferConverter.swift; sourceTree = "<group>"; };
		95E99E6D20D53E3000F03AC9 /* MobileNet.mlmodel */ = {isa = PBXFileReference; lastKnownFileType = file.mlmodel; path = MobileNet.mlmodel; sourceTree = "<group>"; };
		95E99E6F20D53E5B00F03AC9 /* MainViewController.swift */ = {isa = PBXFileReference; fileEncoding = 4; lastKnownFileType = sourcecode.swift; path = MainViewController.swift; sourceTree = "<group>"; };
		95E99E7020D53E5C00F03AC9 /* AppDelegate.swift */ = {isa = PBXFileReference; fileEncoding = 4; lastKnownFileType = sourcecode.swift; path = AppDelegate.swift; sourceTree = "<group>"; };
		95E99E7420D53E6600F03AC9 /* Base */ = {isa = PBXFileReference; lastKnownFileType = file.storyboard; name = Base; path = Base.lproj/Main.storyboard; sourceTree = "<group>"; };
		95E99E7720D54A3300F03AC9 /* Info.plist */ = {isa = PBXFileReference; fileEncoding = 4; lastKnownFileType = text.plist.xml; path = Info.plist; sourceTree = "<group>"; };
/* End PBXFileReference section */

/* Begin PBXFrameworksBuildPhase section */
		95E99E5320D53DB900F03AC9 /* Frameworks */ = {
			isa = PBXFrameworksBuildPhase;
			buildActionMask = 2147483647;
			files = (
			);
			runOnlyForDeploymentPostprocessing = 0;
		};
/* End PBXFrameworksBuildPhase section */

/* Begin PBXGroup section */
		95E99E4D20D53DB900F03AC9 = {
			isa = PBXGroup;
			children = (
				95E99E5820D53DB900F03AC9 /* PicRecognition */,
				95E99E5720D53DB900F03AC9 /* Products */,
			);
			sourceTree = "<group>";
		};
		95E99E5720D53DB900F03AC9 /* Products */ = {
			isa = PBXGroup;
			children = (
				95E99E5620D53DB900F03AC9 /* PicRecognition.app */,
			);
			name = Products;
			sourceTree = "<group>";
		};
		95E99E5820D53DB900F03AC9 /* PicRecognition */ = {
			isa = PBXGroup;
			children = (
				95E99E7720D54A3300F03AC9 /* Info.plist */,
				95E99E6220D53DBC00F03AC9 /* LaunchScreen.storyboard */,
				95E99E7320D53E6600F03AC9 /* Main.storyboard */,
				95E99E7020D53E5C00F03AC9 /* AppDelegate.swift */,
				95E99E6F20D53E5B00F03AC9 /* MainViewController.swift */,
				95A40E6F21156CCA00948847 /* HistoryViewController.swift */,
				95A40E7121156DDE00948847 /* HistoryCell.swift */,
				95A40E7521156F3700948847 /* HistoryRecord.swift */,
				95E99E6B20D53E2500F03AC9 /* ImageToPixelBufferConverter.swift */,
				95E99E6D20D53E3000F03AC9 /* MobileNet.mlmodel */,
				95A40E6C2113813100948847 /* PicRecognition.xcdatamodeld */,
				95E99E6020D53DBC00F03AC9 /* Assets.xcassets */,
			);
			path = PicRecognition;
			sourceTree = "<group>";
		};
/* End PBXGroup section */

/* Begin PBXNativeTarget section */
		95E99E5520D53DB900F03AC9 /* PicRecognition */ = {
			isa = PBXNativeTarget;
			buildConfigurationList = 95E99E6820D53DBD00F03AC9 /* Build configuration list for PBXNativeTarget "PicRecognition" */;
			buildPhases = (
				95E99E5220D53DB900F03AC9 /* Sources */,
				95E99E5320D53DB900F03AC9 /* Frameworks */,
				95E99E5420D53DB900F03AC9 /* Resources */,
			);
			buildRules = (
			);
			dependencies = (
			);
			name = PicRecognition;
			productName = PicRecognition;
			productReference = 95E99E5620D53DB900F03AC9 /* PicRecognition.app */;
			productType = "com.apple.product-type.application";
		};
/* End PBXNativeTarget section */

/* Begin PBXProject section */
		95E99E4E20D53DB900F03AC9 /* Project object */ = {
			isa = PBXProject;
			attributes = {
				LastSwiftUpdateCheck = 0940;
				LastUpgradeCheck = 0940;
				ORGANIZATIONNAME = Anna;
				TargetAttributes = {
					95E99E5520D53DB900F03AC9 = {
						CreatedOnToolsVersion = 9.4;
					};
				};
			};
			buildConfigurationList = 95E99E5120D53DB900F03AC9 /* Build configuration list for PBXProject "PicRecognition" */;
			compatibilityVersion = "Xcode 9.3";
			developmentRegion = en;
			hasScannedForEncodings = 0;
			knownRegions = (
				en,
				Base,
			);
			mainGroup = 95E99E4D20D53DB900F03AC9;
			productRefGroup = 95E99E5720D53DB900F03AC9 /* Products */;
			projectDirPath = "";
			projectRoot = "";
			targets = (
				95E99E5520D53DB900F03AC9 /* PicRecognition */,
			);
		};
/* End PBXProject section */

/* Begin PBXResourcesBuildPhase section */
		95E99E5420D53DB900F03AC9 /* Resources */ = {
			isa = PBXResourcesBuildPhase;
			buildActionMask = 2147483647;
			files = (
				95E99E7820D54A3300F03AC9 /* Info.plist in Resources */,
				95E99E7520D53E6600F03AC9 /* Main.storyboard in Resources */,
				95E99E6420D53DBC00F03AC9 /* LaunchScreen.storyboard in Resources */,
				95E99E6120D53DBC00F03AC9 /* Assets.xcassets in Resources */,
			);
			runOnlyForDeploymentPostprocessing = 0;
		};
/* End PBXResourcesBuildPhase section */

/* Begin PBXSourcesBuildPhase section */
		95E99E5220D53DB900F03AC9 /* Sources */ = {
			isa = PBXSourcesBuildPhase;
			buildActionMask = 2147483647;
			files = (
				95E99E7220D53E5C00F03AC9 /* AppDelegate.swift in Sources */,
				95A40E7221156DDE00948847 /* HistoryCell.swift in Sources */,
				95A40E7621156F3700948847 /* HistoryRecord.swift in Sources */,
				95E99E7120D53E5C00F03AC9 /* MainViewController.swift in Sources */,
				95E99E6E20D53E3000F03AC9 /* MobileNet.mlmodel in Sources */,
				95A40E7021156CCA00948847 /* HistoryViewController.swift in Sources */,
				95E99E6C20D53E2600F03AC9 /* ImageToPixelBufferConverter.swift in Sources */,
				95A40E6E2113813100948847 /* PicRecognition.xcdatamodeld in Sources */,
			);
			runOnlyForDeploymentPostprocessing = 0;
		};
/* End PBXSourcesBuildPhase section */

/* Begin PBXVariantGroup section */
		95E99E6220D53DBC00F03AC9 /* LaunchScreen.storyboard */ = {
			isa = PBXVariantGroup;
			children = (
				95E99E6320D53DBC00F03AC9 /* Base */,
			);
			name = LaunchScreen.storyboard;
			sourceTree = "<group>";
		};
		95E99E7320D53E6600F03AC9 /* Main.storyboard */ = {
			isa = PBXVariantGroup;
			children = (
				95E99E7420D53E6600F03AC9 /* Base */,
			);
			name = Main.storyboard;
			sourceTree = "<group>";
		};
/* End PBXVariantGroup section */

/* Begin XCBuildConfiguration section */
		95E99E6620D53DBD00F03AC9 /* Debug */ = {
			isa = XCBuildConfiguration;
			buildSettings = {
				ALWAYS_SEARCH_USER_PATHS = NO;
				CLANG_ANALYZER_NONNULL = YES;
				CLANG_ANALYZER_NUMBER_OBJECT_CONVERSION = YES_AGGRESSIVE;
				CLANG_CXX_LANGUAGE_STANDARD = "gnu++14";
				CLANG_CXX_LIBRARY = "libc++";
				CLANG_ENABLE_MODULES = YES;
				CLANG_ENABLE_OBJC_ARC = YES;
				CLANG_ENABLE_OBJC_WEAK = YES;
				CLANG_WARN_BLOCK_CAPTURE_AUTORELEASING = YES;
				CLANG_WARN_BOOL_CONVERSION = YES;
				CLANG_WARN_COMMA = YES;
				CLANG_WARN_CONSTANT_CONVERSION = YES;
				CLANG_WARN_DEPRECATED_OBJC_IMPLEMENTATIONS = YES;
				CLANG_WARN_DIRECT_OBJC_ISA_USAGE = YES_ERROR;
				CLANG_WARN_DOCUMENTATION_COMMENTS = YES;
				CLANG_WARN_EMPTY_BODY = YES;
				CLANG_WARN_ENUM_CONVERSION = YES;
				CLANG_WARN_INFINITE_RECURSION = YES;
				CLANG_WARN_INT_CONVERSION = YES;
				CLANG_WARN_NON_LITERAL_NULL_CONVERSION = YES;
				CLANG_WARN_OBJC_IMPLICIT_RETAIN_SELF = YES;
				CLANG_WARN_OBJC_LITERAL_CONVERSION = YES;
				CLANG_WARN_OBJC_ROOT_CLASS = YES_ERROR;
				CLANG_WARN_RANGE_LOOP_ANALYSIS = YES;
				CLANG_WARN_STRICT_PROTOTYPES = YES;
				CLANG_WARN_SUSPICIOUS_MOVE = YES;
				CLANG_WARN_UNGUARDED_AVAILABILITY = YES_AGGRESSIVE;
				CLANG_WARN_UNREACHABLE_CODE = YES;
				CLANG_WARN__DUPLICATE_METHOD_MATCH = YES;
				CODE_SIGN_IDENTITY = "iPhone Developer";
				COPY_PHASE_STRIP = NO;
				DEBUG_INFORMATION_FORMAT = dwarf;
				ENABLE_STRICT_OBJC_MSGSEND = YES;
				ENABLE_TESTABILITY = YES;
				GCC_C_LANGUAGE_STANDARD = gnu11;
				GCC_DYNAMIC_NO_PIC = NO;
				GCC_NO_COMMON_BLOCKS = YES;
				GCC_OPTIMIZATION_LEVEL = 0;
				GCC_PREPROCESSOR_DEFINITIONS = (
					"DEBUG=1",
					"$(inherited)",
				);
				GCC_WARN_64_TO_32_BIT_CONVERSION = YES;
				GCC_WARN_ABOUT_RETURN_TYPE = YES_ERROR;
				GCC_WARN_UNDECLARED_SELECTOR = YES;
				GCC_WARN_UNINITIALIZED_AUTOS = YES_AGGRESSIVE;
				GCC_WARN_UNUSED_FUNCTION = YES;
				GCC_WARN_UNUSED_VARIABLE = YES;
				IPHONEOS_DEPLOYMENT_TARGET = 11.4;
				MTL_ENABLE_DEBUG_INFO = YES;
				ONLY_ACTIVE_ARCH = YES;
				SDKROOT = iphoneos;
				SWIFT_ACTIVE_COMPILATION_CONDITIONS = DEBUG;
				SWIFT_OPTIMIZATION_LEVEL = "-Onone";
			};
			name = Debug;
		};
		95E99E6720D53DBD00F03AC9 /* Release */ = {
			isa = XCBuildConfiguration;
			buildSettings = {
				ALWAYS_SEARCH_USER_PATHS = NO;
				CLANG_ANALYZER_NONNULL = YES;
				CLANG_ANALYZER_NUMBER_OBJECT_CONVERSION = YES_AGGRESSIVE;
				CLANG_CXX_LANGUAGE_STANDARD = "gnu++14";
				CLANG_CXX_LIBRARY = "libc++";
				CLANG_ENABLE_MODULES = YES;
				CLANG_ENABLE_OBJC_ARC = YES;
				CLANG_ENABLE_OBJC_WEAK = YES;
				CLANG_WARN_BLOCK_CAPTURE_AUTORELEASING = YES;
				CLANG_WARN_BOOL_CONVERSION = YES;
				CLANG_WARN_COMMA = YES;
				CLANG_WARN_CONSTANT_CONVERSION = YES;
				CLANG_WARN_DEPRECATED_OBJC_IMPLEMENTATIONS = YES;
				CLANG_WARN_DIRECT_OBJC_ISA_USAGE = YES_ERROR;
				CLANG_WARN_DOCUMENTATION_COMMENTS = YES;
				CLANG_WARN_EMPTY_BODY = YES;
				CLANG_WARN_ENUM_CONVERSION = YES;
				CLANG_WARN_INFINITE_RECURSION = YES;
				CLANG_WARN_INT_CONVERSION = YES;
				CLANG_WARN_NON_LITERAL_NULL_CONVERSION = YES;
				CLANG_WARN_OBJC_IMPLICIT_RETAIN_SELF = YES;
				CLANG_WARN_OBJC_LITERAL_CONVERSION = YES;
				CLANG_WARN_OBJC_ROOT_CLASS = YES_ERROR;
				CLANG_WARN_RANGE_LOOP_ANALYSIS = YES;
				CLANG_WARN_STRICT_PROTOTYPES = YES;
				CLANG_WARN_SUSPICIOUS_MOVE = YES;
				CLANG_WARN_UNGUARDED_AVAILABILITY = YES_AGGRESSIVE;
				CLANG_WARN_UNREACHABLE_CODE = YES;
				CLANG_WARN__DUPLICATE_METHOD_MATCH = YES;
				CODE_SIGN_IDENTITY = "iPhone Developer";
				COPY_PHASE_STRIP = NO;
				DEBUG_INFORMATION_FORMAT = "dwarf-with-dsym";
				ENABLE_NS_ASSERTIONS = NO;
				ENABLE_STRICT_OBJC_MSGSEND = YES;
				GCC_C_LANGUAGE_STANDARD = gnu11;
				GCC_NO_COMMON_BLOCKS = YES;
				GCC_WARN_64_TO_32_BIT_CONVERSION = YES;
				GCC_WARN_ABOUT_RETURN_TYPE = YES_ERROR;
				GCC_WARN_UNDECLARED_SELECTOR = YES;
				GCC_WARN_UNINITIALIZED_AUTOS = YES_AGGRESSIVE;
				GCC_WARN_UNUSED_FUNCTION = YES;
				GCC_WARN_UNUSED_VARIABLE = YES;
				IPHONEOS_DEPLOYMENT_TARGET = 11.4;
				MTL_ENABLE_DEBUG_INFO = NO;
				SDKROOT = iphoneos;
				SWIFT_COMPILATION_MODE = wholemodule;
				SWIFT_OPTIMIZATION_LEVEL = "-O";
				VALIDATE_PRODUCT = YES;
			};
			name = Release;
		};
		95E99E6920D53DBD00F03AC9 /* Debug */ = {
			isa = XCBuildConfiguration;
			buildSettings = {
				ASSETCATALOG_COMPILER_APPICON_NAME = AppIcon;
				CODE_SIGN_STYLE = Automatic;
				DEVELOPMENT_TEAM = F4SXY4ERFL;
				INFOPLIST_FILE = PicRecognition/Info.plist;
				LD_RUNPATH_SEARCH_PATHS = (
					"$(inherited)",
					"@executable_path/Frameworks",
				);
				PRODUCT_BUNDLE_IDENTIFIER = uk.co.onefreelance.customwritings1;
				PRODUCT_NAME = "$(TARGET_NAME)";
				SWIFT_VERSION = 4.0;
				TARGETED_DEVICE_FAMILY = "1,2";
			};
			name = Debug;
		};
		95E99E6A20D53DBD00F03AC9 /* Release */ = {
			isa = XCBuildConfiguration;
			buildSettings = {
				ASSETCATALOG_COMPILER_APPICON_NAME = AppIcon;
				CODE_SIGN_STYLE = Automatic;
				DEVELOPMENT_TEAM = F4SXY4ERFL;
				INFOPLIST_FILE = PicRecognition/Info.plist;
				LD_RUNPATH_SEARCH_PATHS = (
					"$(inherited)",
					"@executable_path/Frameworks",
				);
				PRODUCT_BUNDLE_IDENTIFIER = uk.co.onefreelance.customwritings1;
				PRODUCT_NAME = "$(TARGET_NAME)";
				SWIFT_VERSION = 4.0;
				TARGETED_DEVICE_FAMILY = "1,2";
			};
			name = Release;
		};
/* End XCBuildConfiguration section */

/* Begin XCConfigurationList section */
		95E99E5120D53DB900F03AC9 /* Build configuration list for PBXProject "PicRecognition" */ = {
			isa = XCConfigurationList;
			buildConfigurations = (
				95E99E6620D53DBD00F03AC9 /* Debug */,
				95E99E6720D53DBD00F03AC9 /* Release */,
			);
			defaultConfigurationIsVisible = 0;
			defaultConfigurationName = Release;
		};
		95E99E6820D53DBD00F03AC9 /* Build configuration list for PBXNativeTarget "PicRecognition" */ = {
			isa = XCConfigurationList;
			buildConfigurations = (
				95E99E6920D53DBD00F03AC9 /* Debug */,
				95E99E6A20D53DBD00F03AC9 /* Release */,
			);
			defaultConfigurationIsVisible = 0;
			defaultConfigurationName = Release;
		};
/* End XCConfigurationList section */

/* Begin XCVersionGroup section */
		95A40E6C2113813100948847 /* PicRecognition.xcdatamodeld */ = {
			isa = XCVersionGroup;
			children = (
				95A40E6D2113813100948847 /* Temp.xcdatamodel */,
			);
			currentVersion = 95A40E6D2113813100948847 /* Temp.xcdatamodel */;
			path = PicRecognition.xcdatamodeld;
			sourceTree = "<group>";
			versionGroupType = wrapper.xcdatamodel;
		};
/* End XCVersionGroup section */
	};
	rootObject = 95E99E4E20D53DB900F03AC9 /* Project object */;
}
